{
  "requires": true,
  "lockfileVersion": 1,
  "dependencies": {
    "gitbook-plugin-book-summary-scroll-position-saver": {
      "version": "0.0.7",
      "resolved": "https://registry.npmjs.org/gitbook-plugin-book-summary-scroll-position-saver/-/gitbook-plugin-book-summary-scroll-position-saver-0.0.7.tgz",
      "integrity": "sha1-cCIiNz31ph7zcwBCbaI5117zd2g="
    },
    "gitbook-plugin-emphasize": {
      "version": "1.1.0",
      "resolved": "https://registry.npmjs.org/gitbook-plugin-emphasize/-/gitbook-plugin-emphasize-1.1.0.tgz",
      "integrity": "sha1-hjjLFuXWT8aps6tM9R8IQd8cs90="
    },
    "gitbook-plugin-expandable-chapters": {
      "version": "0.2.0",
      "resolved": "https://registry.npmjs.org/gitbook-plugin-expandable-chapters/-/gitbook-plugin-expandable-chapters-0.2.0.tgz",
      "integrity": "sha1-RdcIeuaQekH0gSjFT+ViJKnBraI="
    },
    "gitbook-plugin-splitter": {
      "version": "0.0.8",
      "resolved": "https://registry.npmjs.org/gitbook-plugin-splitter/-/gitbook-plugin-splitter-0.0.8.tgz",
      "integrity": "sha1-8rBRMGD8kma0awQYLk7KHUtx+vw="
    },
    "gitbook-plugin-toggle-chapters": {
      "version": "0.0.3",
      "resolved": "https://registry.npmjs.org/gitbook-plugin-toggle-chapters/-/gitbook-plugin-toggle-chapters-0.0.3.tgz",
      "integrity": "sha1-bl9aphubLiIcOAzfbpKDIAFez7k="
    }
  }
}
